// !$*UTF8*$!
{
	archiveVersion = 1;
	classes = {
	};
	objectVersion = 46;
	objects = {

/* Begin PBXBuildFile section */
		F21C18091DE374A700BEA9BE /* AppDelegate.swift in Sources */ = {isa = PBXBuildFile; fileRef = F21C18081DE374A700BEA9BE /* AppDelegate.swift */; };
		F21C180B1DE374A700BEA9BE /* ViewController.swift in Sources */ = {isa = PBXBuildFile; fileRef = F21C180A1DE374A700BEA9BE /* ViewController.swift */; };
		F21C180E1DE374A700BEA9BE /* Main.storyboard in Resources */ = {isa = PBXBuildFile; fileRef = F21C180C1DE374A700BEA9BE /* Main.storyboard */; };
		F21C18111DE374A700BEA9BE /* WatanabeCallSystem.xcdatamodeld in Sources */ = {isa = PBXBuildFile; fileRef = F21C180F1DE374A700BEA9BE /* WatanabeCallSystem.xcdatamodeld */; };
		F21C18131DE374A700BEA9BE /* Assets.xcassets in Resources */ = {isa = PBXBuildFile; fileRef = F21C18121DE374A700BEA9BE /* Assets.xcassets */; };
		F21C18161DE374A700BEA9BE /* LaunchScreen.storyboard in Resources */ = {isa = PBXBuildFile; fileRef = F21C18141DE374A700BEA9BE /* LaunchScreen.storyboard */; };
		F21C18211DE374A700BEA9BE /* WatanabeCallSystemTests.swift in Sources */ = {isa = PBXBuildFile; fileRef = F21C18201DE374A700BEA9BE /* WatanabeCallSystemTests.swift */; };
		F21C182C1DE374A700BEA9BE /* WatanabeCallSystemUITests.swift in Sources */ = {isa = PBXBuildFile; fileRef = F21C182B1DE374A700BEA9BE /* WatanabeCallSystemUITests.swift */; };
		F21C183C1DE375EC00BEA9BE /* SocketIO.framework in Frameworks */ = {isa = PBXBuildFile; fileRef = F21C183A1DE375E600BEA9BE /* SocketIO.framework */; };
		F21C183D1DE375EC00BEA9BE /* SocketIO.framework in Embed Frameworks */ = {isa = PBXBuildFile; fileRef = F21C183A1DE375E600BEA9BE /* SocketIO.framework */; settings = {ATTRIBUTES = (CodeSignOnCopy, RemoveHeadersOnCopy, ); }; };
		F21C18471DE39C2F00BEA9BE /* AudioToolbox.framework in Frameworks */ = {isa = PBXBuildFile; fileRef = F21C18461DE39C2F00BEA9BE /* AudioToolbox.framework */; };
/* End PBXBuildFile section */

/* Begin PBXContainerItemProxy section */
		F21C181D1DE374A700BEA9BE /* PBXContainerItemProxy */ = {
			isa = PBXContainerItemProxy;
			containerPortal = F21C17FD1DE374A600BEA9BE /* Project object */;
			proxyType = 1;
			remoteGlobalIDString = F21C18041DE374A600BEA9BE;
			remoteInfo = WatanabeCallSystem;
		};
		F21C18281DE374A700BEA9BE /* PBXContainerItemProxy */ = {
			isa = PBXContainerItemProxy;
			containerPortal = F21C17FD1DE374A600BEA9BE /* Project object */;
			proxyType = 1;
			remoteGlobalIDString = F21C18041DE374A600BEA9BE;
			remoteInfo = WatanabeCallSystem;
		};
/* End PBXContainerItemProxy section */

/* Begin PBXCopyFilesBuildPhase section */
		F21C183E1DE375EC00BEA9BE /* Embed Frameworks */ = {
			isa = PBXCopyFilesBuildPhase;
			buildActionMask = 2147483647;
			dstPath = "";
			dstSubfolderSpec = 10;
			files = (
				F21C183D1DE375EC00BEA9BE /* SocketIO.framework in Embed Frameworks */,
			);
			name = "Embed Frameworks";
			runOnlyForDeploymentPostprocessing = 0;
		};
/* End PBXCopyFilesBuildPhase section */

/* Begin PBXFileReference section */
		F211DD881DE3A52800DE7D0B /* LTMorphingLabel.framework */ = {isa = PBXFileReference; lastKnownFileType = wrapper.framework; name = LTMorphingLabel.framework; path = Carthage/Build/iOS/LTMorphingLabel.framework; sourceTree = "<group>"; };
		F21C18051DE374A700BEA9BE /* WatanabeCallSystem.app */ = {isa = PBXFileReference; explicitFileType = wrapper.application; includeInIndex = 0; path = WatanabeCallSystem.app; sourceTree = BUILT_PRODUCTS_DIR; };
		F21C18081DE374A700BEA9BE /* AppDelegate.swift */ = {isa = PBXFileReference; lastKnownFileType = sourcecode.swift; path = AppDelegate.swift; sourceTree = "<group>"; };
		F21C180A1DE374A700BEA9BE /* ViewController.swift */ = {isa = PBXFileReference; lastKnownFileType = sourcecode.swift; path = ViewController.swift; sourceTree = "<group>"; };
		F21C180D1DE374A700BEA9BE /* Base */ = {isa = PBXFileReference; lastKnownFileType = file.storyboard; name = Base; path = Base.lproj/Main.storyboard; sourceTree = "<group>"; };
		F21C18101DE374A700BEA9BE /* WatanabeCallSystem.xcdatamodel */ = {isa = PBXFileReference; lastKnownFileType = wrapper.xcdatamodel; path = WatanabeCallSystem.xcdatamodel; sourceTree = "<group>"; };
		F21C18121DE374A700BEA9BE /* Assets.xcassets */ = {isa = PBXFileReference; lastKnownFileType = folder.assetcatalog; path = Assets.xcassets; sourceTree = "<group>"; };
		F21C18151DE374A700BEA9BE /* Base */ = {isa = PBXFileReference; lastKnownFileType = file.storyboard; name = Base; path = Base.lproj/LaunchScreen.storyboard; sourceTree = "<group>"; };
		F21C18171DE374A700BEA9BE /* Info.plist */ = {isa = PBXFileReference; lastKnownFileType = text.plist.xml; path = Info.plist; sourceTree = "<group>"; };
		F21C181C1DE374A700BEA9BE /* WatanabeCallSystemTests.xctest */ = {isa = PBXFileReference; explicitFileType = wrapper.cfbundle; includeInIndex = 0; path = WatanabeCallSystemTests.xctest; sourceTree = BUILT_PRODUCTS_DIR; };
		F21C18201DE374A700BEA9BE /* WatanabeCallSystemTests.swift */ = {isa = PBXFileReference; lastKnownFileType = sourcecode.swift; path = WatanabeCallSystemTests.swift; sourceTree = "<group>"; };
		F21C18221DE374A700BEA9BE /* Info.plist */ = {isa = PBXFileReference; lastKnownFileType = text.plist.xml; path = Info.plist; sourceTree = "<group>"; };
		F21C18271DE374A700BEA9BE /* WatanabeCallSystemUITests.xctest */ = {isa = PBXFileReference; explicitFileType = wrapper.cfbundle; includeInIndex = 0; path = WatanabeCallSystemUITests.xctest; sourceTree = BUILT_PRODUCTS_DIR; };
		F21C182B1DE374A700BEA9BE /* WatanabeCallSystemUITests.swift */ = {isa = PBXFileReference; lastKnownFileType = sourcecode.swift; path = WatanabeCallSystemUITests.swift; sourceTree = "<group>"; };
		F21C182D1DE374A700BEA9BE /* Info.plist */ = {isa = PBXFileReference; lastKnownFileType = text.plist.xml; path = Info.plist; sourceTree = "<group>"; };
		F21C183A1DE375E600BEA9BE /* SocketIO.framework */ = {isa = PBXFileReference; lastKnownFileType = wrapper.framework; name = SocketIO.framework; path = Carthage/Build/iOS/SocketIO.framework; sourceTree = "<group>"; };
		F21C18401DE3817D00BEA9BE /* SwiftyJSON.framework */ = {isa = PBXFileReference; lastKnownFileType = wrapper.framework; name = SwiftyJSON.framework; path = Carthage/Build/iOS/SwiftyJSON.framework; sourceTree = "<group>"; };
		F21C18461DE39C2F00BEA9BE /* AudioToolbox.framework */ = {isa = PBXFileReference; lastKnownFileType = wrapper.framework; name = AudioToolbox.framework; path = System/Library/Frameworks/AudioToolbox.framework; sourceTree = SDKROOT; };
/* End PBXFileReference section */

/* Begin PBXFrameworksBuildPhase section */
		F21C18021DE374A600BEA9BE /* Frameworks */ = {
			isa = PBXFrameworksBuildPhase;
			buildActionMask = 2147483647;
			files = (
				F21C18471DE39C2F00BEA9BE /* AudioToolbox.framework in Frameworks */,
				F21C183C1DE375EC00BEA9BE /* SocketIO.framework in Frameworks */,
			);
			runOnlyForDeploymentPostprocessing = 0;
		};
		F21C18191DE374A700BEA9BE /* Frameworks */ = {
			isa = PBXFrameworksBuildPhase;
			buildActionMask = 2147483647;
			files = (
			);
			runOnlyForDeploymentPostprocessing = 0;
		};
		F21C18241DE374A700BEA9BE /* Frameworks */ = {
			isa = PBXFrameworksBuildPhase;
			buildActionMask = 2147483647;
			files = (
			);
			runOnlyForDeploymentPostprocessing = 0;
		};
/* End PBXFrameworksBuildPhase section */

/* Begin PBXGroup section */
		F21C17FC1DE374A600BEA9BE = {
			isa = PBXGroup;
			children = (
				F21C18071DE374A700BEA9BE /* WatanabeCallSystem */,
				F21C181F1DE374A700BEA9BE /* WatanabeCallSystemTests */,
				F21C182A1DE374A700BEA9BE /* WatanabeCallSystemUITests */,
				F21C18061DE374A700BEA9BE /* Products */,
				F21C18391DE375E600BEA9BE /* Frameworks */,
			);
			sourceTree = "<group>";
		};
		F21C18061DE374A700BEA9BE /* Products */ = {
			isa = PBXGroup;
			children = (
				F21C18051DE374A700BEA9BE /* WatanabeCallSystem.app */,
				F21C181C1DE374A700BEA9BE /* WatanabeCallSystemTests.xctest */,
				F21C18271DE374A700BEA9BE /* WatanabeCallSystemUITests.xctest */,
			);
			name = Products;
			sourceTree = "<group>";
		};
		F21C18071DE374A700BEA9BE /* WatanabeCallSystem */ = {
			isa = PBXGroup;
			children = (
				F21C18081DE374A700BEA9BE /* AppDelegate.swift */,
				F21C180A1DE374A700BEA9BE /* ViewController.swift */,
				F21C180C1DE374A700BEA9BE /* Main.storyboard */,
				F21C18121DE374A700BEA9BE /* Assets.xcassets */,
				F21C18141DE374A700BEA9BE /* LaunchScreen.storyboard */,
				F21C18171DE374A700BEA9BE /* Info.plist */,
				F21C180F1DE374A700BEA9BE /* WatanabeCallSystem.xcdatamodeld */,
			);
			path = WatanabeCallSystem;
			sourceTree = "<group>";
		};
		F21C181F1DE374A700BEA9BE /* WatanabeCallSystemTests */ = {
			isa = PBXGroup;
			children = (
				F21C18201DE374A700BEA9BE /* WatanabeCallSystemTests.swift */,
				F21C18221DE374A700BEA9BE /* Info.plist */,
			);
			path = WatanabeCallSystemTests;
			sourceTree = "<group>";
		};
		F21C182A1DE374A700BEA9BE /* WatanabeCallSystemUITests */ = {
			isa = PBXGroup;
			children = (
				F21C182B1DE374A700BEA9BE /* WatanabeCallSystemUITests.swift */,
				F21C182D1DE374A700BEA9BE /* Info.plist */,
			);
			path = WatanabeCallSystemUITests;
			sourceTree = "<group>";
		};
		F21C18391DE375E600BEA9BE /* Frameworks */ = {
			isa = PBXGroup;
			children = (
				F211DD881DE3A52800DE7D0B /* LTMorphingLabel.framework */,
				F21C18461DE39C2F00BEA9BE /* AudioToolbox.framework */,
				F21C18401DE3817D00BEA9BE /* SwiftyJSON.framework */,
				F21C183A1DE375E600BEA9BE /* SocketIO.framework */,
			);
			name = Frameworks;
			sourceTree = "<group>";
		};
/* End PBXGroup section */

/* Begin PBXNativeTarget section */
		F21C18041DE374A600BEA9BE /* WatanabeCallSystem */ = {
			isa = PBXNativeTarget;
			buildConfigurationList = F21C18301DE374A700BEA9BE /* Build configuration list for PBXNativeTarget "WatanabeCallSystem" */;
			buildPhases = (
				F21C18011DE374A600BEA9BE /* Sources */,
				F21C18021DE374A600BEA9BE /* Frameworks */,
				F21C18031DE374A600BEA9BE /* Resources */,
				F21C183E1DE375EC00BEA9BE /* Embed Frameworks */,
				F21C183F1DE375F700BEA9BE /* ShellScript */,
			);
			buildRules = (
			);
			dependencies = (
			);
			name = WatanabeCallSystem;
			productName = WatanabeCallSystem;
			productReference = F21C18051DE374A700BEA9BE /* WatanabeCallSystem.app */;
			productType = "com.apple.product-type.application";
		};
		F21C181B1DE374A700BEA9BE /* WatanabeCallSystemTests */ = {
			isa = PBXNativeTarget;
			buildConfigurationList = F21C18331DE374A700BEA9BE /* Build configuration list for PBXNativeTarget "WatanabeCallSystemTests" */;
			buildPhases = (
				F21C18181DE374A700BEA9BE /* Sources */,
				F21C18191DE374A700BEA9BE /* Frameworks */,
				F21C181A1DE374A700BEA9BE /* Resources */,
			);
			buildRules = (
			);
			dependencies = (
				F21C181E1DE374A700BEA9BE /* PBXTargetDependency */,
			);
			name = WatanabeCallSystemTests;
			productName = WatanabeCallSystemTests;
			productReference = F21C181C1DE374A700BEA9BE /* WatanabeCallSystemTests.xctest */;
			productType = "com.apple.product-type.bundle.unit-test";
		};
		F21C18261DE374A700BEA9BE /* WatanabeCallSystemUITests */ = {
			isa = PBXNativeTarget;
			buildConfigurationList = F21C18361DE374A700BEA9BE /* Build configuration list for PBXNativeTarget "WatanabeCallSystemUITests" */;
			buildPhases = (
				F21C18231DE374A700BEA9BE /* Sources */,
				F21C18241DE374A700BEA9BE /* Frameworks */,
				F21C18251DE374A700BEA9BE /* Resources */,
			);
			buildRules = (
			);
			dependencies = (
				F21C18291DE374A700BEA9BE /* PBXTargetDependency */,
			);
			name = WatanabeCallSystemUITests;
			productName = WatanabeCallSystemUITests;
			productReference = F21C18271DE374A700BEA9BE /* WatanabeCallSystemUITests.xctest */;
			productType = "com.apple.product-type.bundle.ui-testing";
		};
/* End PBXNativeTarget section */

/* Begin PBXProject section */
		F21C17FD1DE374A600BEA9BE /* Project object */ = {
			isa = PBXProject;
			attributes = {
				LastSwiftUpdateCheck = 0810;
				LastUpgradeCheck = 0810;
				ORGANIZATIONNAME = "渡辺優太";
				TargetAttributes = {
					F21C18041DE374A600BEA9BE = {
						CreatedOnToolsVersion = 8.1;
						DevelopmentTeam = 9DHPQY55WF;
						ProvisioningStyle = Automatic;
					};
					F21C181B1DE374A700BEA9BE = {
						CreatedOnToolsVersion = 8.1;
						DevelopmentTeam = 9DHPQY55WF;
						ProvisioningStyle = Automatic;
						TestTargetID = F21C18041DE374A600BEA9BE;
					};
					F21C18261DE374A700BEA9BE = {
						CreatedOnToolsVersion = 8.1;
						DevelopmentTeam = 9DHPQY55WF;
						ProvisioningStyle = Automatic;
						TestTargetID = F21C18041DE374A600BEA9BE;
					};
				};
			};
			buildConfigurationList = F21C18001DE374A600BEA9BE /* Build configuration list for PBXProject "WatanabeCallSystem" */;
			compatibilityVersion = "Xcode 3.2";
			developmentRegion = English;
			hasScannedForEncodings = 0;
			knownRegions = (
				en,
				Base,
			);
			mainGroup = F21C17FC1DE374A600BEA9BE;
			productRefGroup = F21C18061DE374A700BEA9BE /* Products */;
			projectDirPath = "";
			projectRoot = "";
			targets = (
				F21C18041DE374A600BEA9BE /* WatanabeCallSystem */,
				F21C181B1DE374A700BEA9BE /* WatanabeCallSystemTests */,
				F21C18261DE374A700BEA9BE /* WatanabeCallSystemUITests */,
			);
		};
/* End PBXProject section */

/* Begin PBXResourcesBuildPhase section */
		F21C18031DE374A600BEA9BE /* Resources */ = {
			isa = PBXResourcesBuildPhase;
			buildActionMask = 2147483647;
			files = (
				F21C18161DE374A700BEA9BE /* LaunchScreen.storyboard in Resources */,
				F21C18131DE374A700BEA9BE /* Assets.xcassets in Resources */,
				F21C180E1DE374A700BEA9BE /* Main.storyboard in Resources */,
			);
			runOnlyForDeploymentPostprocessing = 0;
		};
		F21C181A1DE374A700BEA9BE /* Resources */ = {
			isa = PBXResourcesBuildPhase;
			buildActionMask = 2147483647;
			files = (
			);
			runOnlyForDeploymentPostprocessing = 0;
		};
		F21C18251DE374A700BEA9BE /* Resources */ = {
			isa = PBXResourcesBuildPhase;
			buildActionMask = 2147483647;
			files = (
			);
			runOnlyForDeploymentPostprocessing = 0;
		};
/* End PBXResourcesBuildPhase section */

/* Begin PBXShellScriptBuildPhase section */
		F21C183F1DE375F700BEA9BE /* ShellScript */ = {
			isa = PBXShellScriptBuildPhase;
			buildActionMask = 2147483647;
			files = (
			);
			inputPaths = (
				"$(SRCROOT)/Carthage/Build/iOS/SocketIO.framework",
				"$(SRCROOT)/Carthage/Build/iOS/SwiftyJSON.framework",
			);
			outputPaths = (
			);
			runOnlyForDeploymentPostprocessing = 0;
			shellPath = /bin/sh;
			shellScript = "/usr/local/bin/carthage copy-frameworks";
		};
/* End PBXShellScriptBuildPhase section */

/* Begin PBXSourcesBuildPhase section */
		F21C18011DE374A600BEA9BE /* Sources */ = {
			isa = PBXSourcesBuildPhase;
			buildActionMask = 2147483647;
			files = (
				F21C180B1DE374A700BEA9BE /* ViewController.swift in Sources */,
				F21C18091DE374A700BEA9BE /* AppDelegate.swift in Sources */,
				F21C18111DE374A700BEA9BE /* WatanabeCallSystem.xcdatamodeld in Sources */,
			);
			runOnlyForDeploymentPostprocessing = 0;
		};
		F21C18181DE374A700BEA9BE /* Sources */ = {
			isa = PBXSourcesBuildPhase;
			buildActionMask = 2147483647;
			files = (
				F21C18211DE374A700BEA9BE /* WatanabeCallSystemTests.swift in Sources */,
			);
			runOnlyForDeploymentPostprocessing = 0;
		};
		F21C18231DE374A700BEA9BE /* Sources */ = {
			isa = PBXSourcesBuildPhase;
			buildActionMask = 2147483647;
			files = (
				F21C182C1DE374A700BEA9BE /* WatanabeCallSystemUITests.swift in Sources */,
			);
			runOnlyForDeploymentPostprocessing = 0;
		};
/* End PBXSourcesBuildPhase section */

/* Begin PBXTargetDependency section */
		F21C181E1DE374A700BEA9BE /* PBXTargetDependency */ = {
			isa = PBXTargetDependency;
			target = F21C18041DE374A600BEA9BE /* WatanabeCallSystem */;
			targetProxy = F21C181D1DE374A700BEA9BE /* PBXContainerItemProxy */;
		};
		F21C18291DE374A700BEA9BE /* PBXTargetDependency */ = {
			isa = PBXTargetDependency;
			target = F21C18041DE374A600BEA9BE /* WatanabeCallSystem */;
			targetProxy = F21C18281DE374A700BEA9BE /* PBXContainerItemProxy */;
		};
/* End PBXTargetDependency section */

/* Begin PBXVariantGroup section */
		F21C180C1DE374A700BEA9BE /* Main.storyboard */ = {
			isa = PBXVariantGroup;
			children = (
				F21C180D1DE374A700BEA9BE /* Base */,
			);
			name = Main.storyboard;
			sourceTree = "<group>";
		};
		F21C18141DE374A700BEA9BE /* LaunchScreen.storyboard */ = {
			isa = PBXVariantGroup;
			children = (
				F21C18151DE374A700BEA9BE /* Base */,
			);
			name = LaunchScreen.storyboard;
			sourceTree = "<group>";
		};
/* End PBXVariantGroup section */

/* Begin XCBuildConfiguration section */
		F21C182E1DE374A700BEA9BE /* Debug */ = {
			isa = XCBuildConfiguration;
			buildSettings = {
				ALWAYS_SEARCH_USER_PATHS = NO;
				CLANG_ANALYZER_NONNULL = YES;
				CLANG_CXX_LANGUAGE_STANDARD = "gnu++0x";
				CLANG_CXX_LIBRARY = "libc++";
				CLANG_ENABLE_MODULES = YES;
				CLANG_ENABLE_OBJC_ARC = YES;
				CLANG_WARN_BOOL_CONVERSION = YES;
				CLANG_WARN_CONSTANT_CONVERSION = YES;
				CLANG_WARN_DIRECT_OBJC_ISA_USAGE = YES_ERROR;
				CLANG_WARN_DOCUMENTATION_COMMENTS = YES;
				CLANG_WARN_EMPTY_BODY = YES;
				CLANG_WARN_ENUM_CONVERSION = YES;
				CLANG_WARN_INFINITE_RECURSION = YES;
				CLANG_WARN_INT_CONVERSION = YES;
				CLANG_WARN_OBJC_ROOT_CLASS = YES_ERROR;
				CLANG_WARN_SUSPICIOUS_MOVES = YES;
				CLANG_WARN_UNREACHABLE_CODE = YES;
				CLANG_WARN__DUPLICATE_METHOD_MATCH = YES;
				"CODE_SIGN_IDENTITY[sdk=iphoneos*]" = "iPhone Developer";
				COPY_PHASE_STRIP = NO;
				DEBUG_INFORMATION_FORMAT = dwarf;
				ENABLE_STRICT_OBJC_MSGSEND = YES;
				ENABLE_TESTABILITY = YES;
				GCC_C_LANGUAGE_STANDARD = gnu99;
				GCC_DYNAMIC_NO_PIC = NO;
				GCC_NO_COMMON_BLOCKS = YES;
				GCC_OPTIMIZATION_LEVEL = 0;
				GCC_PREPROCESSOR_DEFINITIONS = (
					"DEBUG=1",
					"$(inherited)",
				);
				GCC_WARN_64_TO_32_BIT_CONVERSION = YES;
				GCC_WARN_ABOUT_RETURN_TYPE = YES_ERROR;
				GCC_WARN_UNDECLARED_SELECTOR = YES;
				GCC_WARN_UNINITIALIZED_AUTOS = YES_AGGRESSIVE;
				GCC_WARN_UNUSED_FUNCTION = YES;
				GCC_WARN_UNUSED_VARIABLE = YES;
				IPHONEOS_DEPLOYMENT_TARGET = 10.1;
				MTL_ENABLE_DEBUG_INFO = YES;
				ONLY_ACTIVE_ARCH = YES;
				SDKROOT = iphoneos;
				SWIFT_ACTIVE_COMPILATION_CONDITIONS = DEBUG;
				SWIFT_OPTIMIZATION_LEVEL = "-Onone";
			};
			name = Debug;
		};
		F21C182F1DE374A700BEA9BE /* Release */ = {
			isa = XCBuildConfiguration;
			buildSettings = {
				ALWAYS_SEARCH_USER_PATHS = NO;
				CLANG_ANALYZER_NONNULL = YES;
				CLANG_CXX_LANGUAGE_STANDARD = "gnu++0x";
				CLANG_CXX_LIBRARY = "libc++";
				CLANG_ENABLE_MODULES = YES;
				CLANG_ENABLE_OBJC_ARC = YES;
				CLANG_WARN_BOOL_CONVERSION = YES;
				CLANG_WARN_CONSTANT_CONVERSION = YES;
				CLANG_WARN_DIRECT_OBJC_ISA_USAGE = YES_ERROR;
				CLANG_WARN_DOCUMENTATION_COMMENTS = YES;
				CLANG_WARN_EMPTY_BODY = YES;
				CLANG_WARN_ENUM_CONVERSION = YES;
				CLANG_WARN_INFINITE_RECURSION = YES;
				CLANG_WARN_INT_CONVERSION = YES;
				CLANG_WARN_OBJC_ROOT_CLASS = YES_ERROR;
				CLANG_WARN_SUSPICIOUS_MOVES = YES;
				CLANG_WARN_UNREACHABLE_CODE = YES;
				CLANG_WARN__DUPLICATE_METHOD_MATCH = YES;
				"CODE_SIGN_IDENTITY[sdk=iphoneos*]" = "iPhone Developer";
				COPY_PHASE_STRIP = NO;
				DEBUG_INFORMATION_FORMAT = "dwarf-with-dsym";
				ENABLE_NS_ASSERTIONS = NO;
				ENABLE_STRICT_OBJC_MSGSEND = YES;
				GCC_C_LANGUAGE_STANDARD = gnu99;
				GCC_NO_COMMON_BLOCKS = YES;
				GCC_WARN_64_TO_32_BIT_CONVERSION = YES;
				GCC_WARN_ABOUT_RETURN_TYPE = YES_ERROR;
				GCC_WARN_UNDECLARED_SELECTOR = YES;
				GCC_WARN_UNINITIALIZED_AUTOS = YES_AGGRESSIVE;
				GCC_WARN_UNUSED_FUNCTION = YES;
				GCC_WARN_UNUSED_VARIABLE = YES;
				IPHONEOS_DEPLOYMENT_TARGET = 10.1;
				MTL_ENABLE_DEBUG_INFO = NO;
				SDKROOT = iphoneos;
				SWIFT_OPTIMIZATION_LEVEL = "-Owholemodule";
				VALIDATE_PRODUCT = YES;
			};
			name = Release;
		};
		F21C18311DE374A700BEA9BE /* Debug */ = {
			isa = XCBuildConfiguration;
			buildSettings = {
				ASSETCATALOG_COMPILER_APPICON_NAME = AppIcon;
				DEVELOPMENT_TEAM = 9DHPQY55WF;
				FRAMEWORK_SEARCH_PATHS = (
					"$(inherited)",
					"$(PROJECT_DIR)/Carthage/Build/iOS",
				);
				INFOPLIST_FILE = WatanabeCallSystem/Info.plist;
				LD_RUNPATH_SEARCH_PATHS = "$(inherited) @executable_path/Frameworks";
				PRODUCT_BUNDLE_IDENTIFIER = myown.WatanabeCallSystem;
				PRODUCT_NAME = "$(TARGET_NAME)";
				SWIFT_VERSION = 3.0;
			};
			name = Debug;
		};
		F21C18321DE374A700BEA9BE /* Release */ = {
			isa = XCBuildConfiguration;
			buildSettings = {
				ASSETCATALOG_COMPILER_APPICON_NAME = AppIcon;
				DEVELOPMENT_TEAM = 9DHPQY55WF;
				FRAMEWORK_SEARCH_PATHS = (
					"$(inherited)",
					"$(PROJECT_DIR)/Carthage/Build/iOS",
				);
				INFOPLIST_FILE = WatanabeCallSystem/Info.plist;
				LD_RUNPATH_SEARCH_PATHS = "$(inherited) @executable_path/Frameworks";
				PRODUCT_BUNDLE_IDENTIFIER = myown.WatanabeCallSystem;
				PRODUCT_NAME = "$(TARGET_NAME)";
				SWIFT_VERSION = 3.0;
			};
			name = Release;
		};
		F21C18341DE374A700BEA9BE /* Debug */ = {
			isa = XCBuildConfiguration;
			buildSettings = {
				ALWAYS_EMBED_SWIFT_STANDARD_LIBRARIES = YES;
				BUNDLE_LOADER = "$(TEST_HOST)";
				DEVELOPMENT_TEAM = 9DHPQY55WF;
				INFOPLIST_FILE = WatanabeCallSystemTests/Info.plist;
				LD_RUNPATH_SEARCH_PATHS = "$(inherited) @executable_path/Frameworks @loader_path/Frameworks";
				PRODUCT_BUNDLE_IDENTIFIER = myown.WatanabeCallSystemTests;
				PRODUCT_NAME = "$(TARGET_NAME)";
				SWIFT_VERSION = 3.0;
				TEST_HOST = "$(BUILT_PRODUCTS_DIR)/WatanabeCallSystem.app/WatanabeCallSystem";
			};
			name = Debug;
		};
		F21C18351DE374A700BEA9BE /* Release */ = {
			isa = XCBuildConfiguration;
			buildSettings = {
				ALWAYS_EMBED_SWIFT_STANDARD_LIBRARIES = YES;
				BUNDLE_LOADER = "$(TEST_HOST)";
				DEVELOPMENT_TEAM = 9DHPQY55WF;
				INFOPLIST_FILE = WatanabeCallSystemTests/Info.plist;
				LD_RUNPATH_SEARCH_PATHS = "$(inherited) @executable_path/Frameworks @loader_path/Frameworks";
				PRODUCT_BUNDLE_IDENTIFIER = myown.WatanabeCallSystemTests;
				PRODUCT_NAME = "$(TARGET_NAME)";
				SWIFT_VERSION = 3.0;
				TEST_HOST = "$(BUILT_PRODUCTS_DIR)/WatanabeCallSystem.app/WatanabeCallSystem";
			};
			name = Release;
		};
		F21C18371DE374A700BEA9BE /* Debug */ = {
			isa = XCBuildConfiguration;
			buildSettings = {
				ALWAYS_EMBED_SWIFT_STANDARD_LIBRARIES = YES;
				DEVELOPMENT_TEAM = 9DHPQY55WF;
				INFOPLIST_FILE = WatanabeCallSystemUITests/Info.plist;
				LD_RUNPATH_SEARCH_PATHS = "$(inherited) @executable_path/Frameworks @loader_path/Frameworks";
				PRODUCT_BUNDLE_IDENTIFIER = myown.WatanabeCallSystemUITests;
				PRODUCT_NAME = "$(TARGET_NAME)";
				SWIFT_VERSION = 3.0;
				TEST_TARGET_NAME = WatanabeCallSystem;
			};
			name = Debug;
		};
		F21C18381DE374A700BEA9BE /* Release */ = {
			isa = XCBuildConfiguration;
			buildSettings = {
				ALWAYS_EMBED_SWIFT_STANDARD_LIBRARIES = YES;
				DEVELOPMENT_TEAM = 9DHPQY55WF;
				INFOPLIST_FILE = WatanabeCallSystemUITests/Info.plist;
				LD_RUNPATH_SEARCH_PATHS = "$(inherited) @executable_path/Frameworks @loader_path/Frameworks";
				PRODUCT_BUNDLE_IDENTIFIER = myown.WatanabeCallSystemUITests;
				PRODUCT_NAME = "$(TARGET_NAME)";
				SWIFT_VERSION = 3.0;
				TEST_TARGET_NAME = WatanabeCallSystem;
			};
			name = Release;
		};
/* End XCBuildConfiguration section */

/* Begin XCConfigurationList section */
		F21C18001DE374A600BEA9BE /* Build configuration list for PBXProject "WatanabeCallSystem" */ = {
			isa = XCConfigurationList;
			buildConfigurations = (
				F21C182E1DE374A700BEA9BE /* Debug */,
				F21C182F1DE374A700BEA9BE /* Release */,
			);
			defaultConfigurationIsVisible = 0;
			defaultConfigurationName = Release;
		};
		F21C18301DE374A700BEA9BE /* Build configuration list for PBXNativeTarget "WatanabeCallSystem" */ = {
			isa = XCConfigurationList;
			buildConfigurations = (
				F21C18311DE374A700BEA9BE /* Debug */,
				F21C18321DE374A700BEA9BE /* Release */,
			);
			defaultConfigurationIsVisible = 0;
			defaultConfigurationName = Release;
		};
		F21C18331DE374A700BEA9BE /* Build configuration list for PBXNativeTarget "WatanabeCallSystemTests" */ = {
			isa = XCConfigurationList;
			buildConfigurations = (
				F21C18341DE374A700BEA9BE /* Debug */,
				F21C18351DE374A700BEA9BE /* Release */,
			);
			defaultConfigurationIsVisible = 0;
			defaultConfigurationName = Release;
		};
		F21C18361DE374A700BEA9BE /* Build configuration list for PBXNativeTarget "WatanabeCallSystemUITests" */ = {
			isa = XCConfigurationList;
			buildConfigurations = (
				F21C18371DE374A700BEA9BE /* Debug */,
				F21C18381DE374A700BEA9BE /* Release */,
			);
			defaultConfigurationIsVisible = 0;
			defaultConfigurationName = Release;
		};
/* End XCConfigurationList section */

/* Begin XCVersionGroup section */
		F21C180F1DE374A700BEA9BE /* WatanabeCallSystem.xcdatamodeld */ = {
			isa = XCVersionGroup;
			children = (
				F21C18101DE374A700BEA9BE /* WatanabeCallSystem.xcdatamodel */,
			);
			currentVersion = F21C18101DE374A700BEA9BE /* WatanabeCallSystem.xcdatamodel */;
			path = WatanabeCallSystem.xcdatamodeld;
			sourceTree = "<group>";
			versionGroupType = wrapper.xcdatamodel;
		};
/* End XCVersionGroup section */
	};
	rootObject = F21C17FD1DE374A600BEA9BE /* Project object */;
}
